{"version":4,"terraform_version":"1.11.2","serial":14,"lineage":"e7e1fdae-4395-5c08-d9b5-b32f957a7e74","outputs":{"lh1_ipv4":{"value":"188.245.97.81","type":"string"}},"resources":[{"mode":"data","type":"hcloud_image","name":"fcos_image","provider":"provider[\"registry.opentofu.org/hetznercloud/hcloud\"]","instances":[{"schema_version":0,"attributes":{"architecture":"x86","created":"2026-01-26T16:38:48Z","deprecated":null,"description":"Fedora CoreOS (stable, x86_64)","id":352838593,"include_deprecated":false,"labels":{"apricote.de/created-by":"hcloud-upload-image","channel":"stable","os":"fedora-coreos"},"most_recent":null,"name":"","os_flavor":"ubuntu","os_version":"24.04","rapid_deploy":false,"selector":null,"type":"snapshot","with_architecture":"x86","with_selector":"os=fedora-coreos,apricote.de/created-by=hcloud-upload-image","with_status":null},"sensitive_attributes":[]}]},{"mode":"data","type":"hcloud_location","name":"nbg1","provider":"provider[\"registry.opentofu.org/hetznercloud/hcloud\"]","instances":[{"schema_version":0,"attributes":{"city":"Nuremberg","country":"DE","description":"Nuremberg DC Park 1","id":2,"latitude":49.452102,"longitude":11.076665,"name":"nbg1","network_zone":"eu-central"},"sensitive_attributes":[]}]},{"mode":"data","type":"hcloud_primary_ip","name":"nbg1-ipv6-1","provider":"provider[\"registry.opentofu.org/hetznercloud/hcloud\"]","instances":[{"schema_version":0,"attributes":{"assignee_id":118388951,"assignee_type":"server","auto_delete":false,"datacenter":"nbg1-dc3","delete_protection":false,"id":72588864,"ip_address":"2a01:4f8:1c1b:9b4f::","ip_network":"2a01:4f8:1c1b:9b4f::/64","labels":{"dc":"nbg1","type":"ipv6"},"location":"nbg1","name":"nbg1-ipv6-1","type":"ipv6","with_selector":null},"sensitive_attributes":[]}]},{"mode":"data","type":"hcloud_server_types","name":"server_types","provider":"provider[\"registry.opentofu.org/hetznercloud/hcloud\"]","instances":[{"schema_version":0,"attributes":{"descriptions":["CPX 11","CPX 21","CPX 31","CPX 41","CPX 51","CAX11","CAX21","CAX31","CAX41","CCX13 Dedicated CPU","CCX23 Dedicated CPU","CCX33 Dedicated CPU","CCX43 Dedicated CPU","CCX53 Dedicated CPU","CCX63 Dedicated CPU","CPX 12","CPX 22","CPX 32","CPX 42","CPX 52","CPX 62","CX 23","CX 33","CX 43","CX 53"],"id":"ed965b54122ee6a2e9125cb0965c9fe6fa85887e","names":["cpx11","cpx21","cpx31","cpx41","cpx51","cax11","cax21","cax31","cax41","ccx13","ccx23","ccx33","ccx43","ccx53","ccx63","cpx12","cpx22","cpx32","cpx42","cpx52","cpx62","cx23","cx33","cx43","cx53"],"server_type_ids":["22","23","24","25","26","45","93","94","95","96","97","98","99","100","101","108","109","110","111","112","113","114","115","116","117"],"server_types":[{"architecture":"x86","category":"regular_purpose","cores":2,"cpu_type":"shared","deprecation_announced":"","description":"CPX 11","disk":40,"id":22,"included_traffic":0,"is_deprecated":false,"locations":[{"deprecation_announced":"2025-10-16T06:00:00Z","id":1,"is_deprecated":true,"name":"fsn1","unavailable_after":"2025-12-31T23:59:59Z"},{"deprecation_announced":"2025-10-16T06:00:00Z","id":2,"is_deprecated":true,"name":"nbg1","unavailable_after":"2025-12-31T23:59:59Z"},{"deprecation_announced":"2025-10-16T06:00:00Z","id":3,"is_deprecated":true,"name":"hel1","unavailable_after":"2025-12-31T23:59:59Z"},{"deprecation_announced":"","id":4,"is_deprecated":false,"name":"ash","unavailable_after":""},{"deprecation_announced":"","id":5,"is_deprecated":false,"name":"hil","unavailable_after":""},{"deprecation_announced":"2025-10-16T06:00:00Z","id":6,"is_deprecated":true,"name":"sin","unavailable_after":"2025-12-31T23:59:59Z"}],"memory":2,"name":"cpx11","storage_type":"local","unavailable_after":""},{"architecture":"x86","category":"regular_purpose","cores":3,"cpu_type":"shared","deprecation_announced":"","description":"CPX 21","disk":80,"id":23,"included_traffic":0,"is_deprecated":false,"locations":[{"deprecation_announced":"2025-10-16T06:00:00Z","id":1,"is_deprecated":true,"name":"fsn1","unavailable_after":"2025-12-31T23:59:59Z"},{"deprecation_announced":"2025-10-16T06:00:00Z","id":2,"is_deprecated":true,"name":"nbg1","unavailable_after":"2025-12-31T23:59:59Z"},{"deprecation_announced":"2025-10-16T06:00:00Z","id":3,"is_deprecated":true,"name":"hel1","unavailable_after":"2025-12-31T23:59:59Z"},{"deprecation_announced":"","id":4,"is_deprecated":false,"name":"ash","unavailable_after":""},{"deprecation_announced":"","id":5,"is_deprecated":false,"name":"hil","unavailable_after":""},{"deprecation_announced":"2025-10-16T06:00:00Z","id":6,"is_deprecated":true,"name":"sin","unavailable_after":"2025-12-31T23:59:59Z"}],"memory":4,"name":"cpx21","storage_type":"local","unavailable_after":""},{"architecture":"x86","category":"regular_purpose","cores":4,"cpu_type":"shared","deprecation_announced":"","description":"CPX 31","disk":160,"id":24,"included_traffic":0,"is_deprecated":false,"locations":[{"deprecation_announced":"2025-10-16T06:00:00Z","id":1,"is_deprecated":true,"name":"fsn1","unavailable_after":"2025-12-31T23:59:59Z"},{"deprecation_announced":"2025-10-16T06:00:00Z","id":2,"is_deprecated":true,"name":"nbg1","unavailable_after":"2025-12-31T23:59:59Z"},{"deprecation_announced":"2025-10-16T06:00:00Z","id":3,"is_deprecated":true,"name":"hel1","unavailable_after":"2025-12-31T23:59:59Z"},{"deprecation_announced":"","id":4,"is_deprecated":false,"name":"ash","unavailable_after":""},{"deprecation_announced":"","id":5,"is_deprecated":false,"name":"hil","unavailable_after":""},{"deprecation_announced":"2025-10-16T06:00:00Z","id":6,"is_deprecated":true,"name":"sin","unavailable_after":"2025-12-31T23:59:59Z"}],"memory":8,"name":"cpx31","storage_type":"local","unavailable_after":""},{"architecture":"x86","category":"regular_purpose","cores":8,"cpu_type":"shared","deprecation_announced":"","description":"CPX 41","disk":240,"id":25,"included_traffic":0,"is_deprecated":false,"locations":[{"deprecation_announced":"2025-10-16T06:00:00Z","id":1,"is_deprecated":true,"name":"fsn1","unavailable_after":"2025-12-31T23:59:59Z"},{"deprecation_announced":"2025-10-16T06:00:00Z","id":2,"is_deprecated":true,"name":"nbg1","unavailable_after":"2025-12-31T23:59:59Z"},{"deprecation_announced":"2025-10-16T06:00:00Z","id":3,"is_deprecated":true,"name":"hel1","unavailable_after":"2025-12-31T23:59:59Z"},{"deprecation_announced":"","id":4,"is_deprecated":false,"name":"ash","unavailable_after":""},{"deprecation_announced":"","id":5,"is_deprecated":false,"name":"hil","unavailable_after":""},{"deprecation_announced":"2025-10-16T06:00:00Z","id":6,"is_deprecated":true,"name":"sin","unavailable_after":"2025-12-31T23:59:59Z"}],"memory":16,"name":"cpx41","storage_type":"local","unavailable_after":""},{"architecture":"x86","category":"regular_purpose","cores":16,"cpu_type":"shared","deprecation_announced":"","description":"CPX 51","disk":360,"id":26,"included_traffic":0,"is_deprecated":false,"locations":[{"deprecation_announced":"2025-10-16T06:00:00Z","id":1,"is_deprecated":true,"name":"fsn1","unavailable_after":"2025-12-31T23:59:59Z"},{"deprecation_announced":"2025-10-16T06:00:00Z","id":2,"is_deprecated":true,"name":"nbg1","unavailable_after":"2025-12-31T23:59:59Z"},{"deprecation_announced":"2025-10-16T06:00:00Z","id":3,"is_deprecated":true,"name":"hel1","unavailable_after":"2025-12-31T23:59:59Z"},{"deprecation_announced":"","id":4,"is_deprecated":false,"name":"ash","unavailable_after":""},{"deprecation_announced":"","id":5,"is_deprecated":false,"name":"hil","unavailable_after":""},{"deprecation_announced":"2025-10-16T06:00:00Z","id":6,"is_deprecated":true,"name":"sin","unavailable_after":"2025-12-31T23:59:59Z"}],"memory":32,"name":"cpx51","storage_type":"local","unavailable_after":""},{"architecture":"arm","category":"cost_optimized","cores":2,"cpu_type":"shared","deprecation_announced":"","description":"CAX11","disk":40,"id":45,"included_traffic":0,"is_deprecated":false,"locations":[{"deprecation_announced":"","id":1,"is_deprecated":false,"name":"fsn1","unavailable_after":""},{"deprecation_announced":"","id":2,"is_deprecated":false,"name":"nbg1","unavailable_after":""},{"deprecation_announced":"","id":3,"is_deprecated":false,"name":"hel1","unavailable_after":""}],"memory":4,"name":"cax11","storage_type":"local","unavailable_after":""},{"architecture":"arm","category":"cost_optimized","cores":4,"cpu_type":"shared","deprecation_announced":"","description":"CAX21","disk":80,"id":93,"included_traffic":0,"is_deprecated":false,"locations":[{"deprecation_announced":"","id":1,"is_deprecated":false,"name":"fsn1","unavailable_after":""},{"deprecation_announced":"","id":2,"is_deprecated":false,"name":"nbg1","unavailable_after":""},{"deprecation_announced":"","id":3,"is_deprecated":false,"name":"hel1","unavailable_after":""}],"memory":8,"name":"cax21","storage_type":"local","unavailable_after":""},{"architecture":"arm","category":"cost_optimized","cores":8,"cpu_type":"shared","deprecation_announced":"","description":"CAX31","disk":160,"id":94,"included_traffic":0,"is_deprecated":false,"locations":[{"deprecation_announced":"","id":1,"is_deprecated":false,"name":"fsn1","unavailable_after":""},{"deprecation_announced":"","id":2,"is_deprecated":false,"name":"nbg1","unavailable_after":""},{"deprecation_announced":"","id":3,"is_deprecated":false,"name":"hel1","unavailable_after":""}],"memory":16,"name":"cax31","storage_type":"local","unavailable_after":""},{"architecture":"arm","category":"cost_optimized","cores":16,"cpu_type":"shared","deprecation_announced":"","description":"CAX41","disk":320,"id":95,"included_traffic":0,"is_deprecated":false,"locations":[{"deprecation_announced":"","id":1,"is_deprecated":false,"name":"fsn1","unavailable_after":""},{"deprecation_announced":"","id":2,"is_deprecated":false,"name":"nbg1","unavailable_after":""},{"deprecation_announced":"","id":3,"is_deprecated":false,"name":"hel1","unavailable_after":""}],"memory":32,"name":"cax41","storage_type":"local","unavailable_after":""},{"architecture":"x86","category":"general_purpose","cores":2,"cpu_type":"dedicated","deprecation_announced":"","description":"CCX13 Dedicated CPU","disk":80,"id":96,"included_traffic":0,"is_deprecated":false,"locations":[{"deprecation_announced":"","id":1,"is_deprecated":false,"name":"fsn1","unavailable_after":""},{"deprecation_announced":"","id":2,"is_deprecated":false,"name":"nbg1","unavailable_after":""},{"deprecation_announced":"","id":3,"is_deprecated":false,"name":"hel1","unavailable_after":""},{"deprecation_announced":"","id":4,"is_deprecated":false,"name":"ash","unavailable_after":""},{"deprecation_announced":"","id":5,"is_deprecated":false,"name":"hil","unavailable_after":""},{"deprecation_announced":"","id":6,"is_deprecated":false,"name":"sin","unavailable_after":""}],"memory":8,"name":"ccx13","storage_type":"local","unavailable_after":""},{"architecture":"x86","category":"general_purpose","cores":4,"cpu_type":"dedicated","deprecation_announced":"","description":"CCX23 Dedicated CPU","disk":160,"id":97,"included_traffic":0,"is_deprecated":false,"locations":[{"deprecation_announced":"","id":1,"is_deprecated":false,"name":"fsn1","unavailable_after":""},{"deprecation_announced":"","id":2,"is_deprecated":false,"name":"nbg1","unavailable_after":""},{"deprecation_announced":"","id":3,"is_deprecated":false,"name":"hel1","unavailable_after":""},{"deprecation_announced":"","id":4,"is_deprecated":false,"name":"ash","unavailable_after":""},{"deprecation_announced":"","id":5,"is_deprecated":false,"name":"hil","unavailable_after":""},{"deprecation_announced":"","id":6,"is_deprecated":false,"name":"sin","unavailable_after":""}],"memory":16,"name":"ccx23","storage_type":"local","unavailable_after":""},{"architecture":"x86","category":"general_purpose","cores":8,"cpu_type":"dedicated","deprecation_announced":"","description":"CCX33 Dedicated CPU","disk":240,"id":98,"included_traffic":0,"is_deprecated":false,"locations":[{"deprecation_announced":"","id":1,"is_deprecated":false,"name":"fsn1","unavailable_after":""},{"deprecation_announced":"","id":2,"is_deprecated":false,"name":"nbg1","unavailable_after":""},{"deprecation_announced":"","id":3,"is_deprecated":false,"name":"hel1","unavailable_after":""},{"deprecation_announced":"","id":4,"is_deprecated":false,"name":"ash","unavailable_after":""},{"deprecation_announced":"","id":5,"is_deprecated":false,"name":"hil","unavailable_after":""},{"deprecation_announced":"","id":6,"is_deprecated":false,"name":"sin","unavailable_after":""}],"memory":32,"name":"ccx33","storage_type":"local","unavailable_after":""},{"architecture":"x86","category":"general_purpose","cores":16,"cpu_type":"dedicated","deprecation_announced":"","description":"CCX43 Dedicated CPU","disk":360,"id":99,"included_traffic":0,"is_deprecated":false,"locations":[{"deprecation_announced":"","id":1,"is_deprecated":false,"name":"fsn1","unavailable_after":""},{"deprecation_announced":"","id":2,"is_deprecated":false,"name":"nbg1","unavailable_after":""},{"deprecation_announced":"","id":3,"is_deprecated":false,"name":"hel1","unavailable_after":""},{"deprecation_announced":"","id":4,"is_deprecated":false,"name":"ash","unavailable_after":""},{"deprecation_announced":"","id":5,"is_deprecated":false,"name":"hil","unavailable_after":""},{"deprecation_announced":"","id":6,"is_deprecated":false,"name":"sin","unavailable_after":""}],"memory":64,"name":"ccx43","storage_type":"local","unavailable_after":""},{"architecture":"x86","category":"general_purpose","cores":32,"cpu_type":"dedicated","deprecation_announced":"","description":"CCX53 Dedicated CPU","disk":600,"id":100,"included_traffic":0,"is_deprecated":false,"locations":[{"deprecation_announced":"","id":1,"is_deprecated":false,"name":"fsn1","unavailable_after":""},{"deprecation_announced":"","id":2,"is_deprecated":false,"name":"nbg1","unavailable_after":""},{"deprecation_announced":"","id":3,"is_deprecated":false,"name":"hel1","unavailable_after":""},{"deprecation_announced":"","id":4,"is_deprecated":false,"name":"ash","unavailable_after":""},{"deprecation_announced":"","id":5,"is_deprecated":false,"name":"hil","unavailable_after":""},{"deprecation_announced":"","id":6,"is_deprecated":false,"name":"sin","unavailable_after":""}],"memory":128,"name":"ccx53","storage_type":"local","unavailable_after":""},{"architecture":"x86","category":"general_purpose","cores":48,"cpu_type":"dedicated","deprecation_announced":"","description":"CCX63 Dedicated CPU","disk":960,"id":101,"included_traffic":0,"is_deprecated":false,"locations":[{"deprecation_announced":"","id":1,"is_deprecated":false,"name":"fsn1","unavailable_after":""},{"deprecation_announced":"","id":2,"is_deprecated":false,"name":"nbg1","unavailable_after":""},{"deprecation_announced":"","id":3,"is_deprecated":false,"name":"hel1","unavailable_after":""},{"deprecation_announced":"","id":4,"is_deprecated":false,"name":"ash","unavailable_after":""},{"deprecation_announced":"","id":5,"is_deprecated":false,"name":"hil","unavailable_after":""},{"deprecation_announced":"","id":6,"is_deprecated":false,"name":"sin","unavailable_after":""}],"memory":192,"name":"ccx63","storage_type":"local","unavailable_after":""},{"architecture":"x86","category":"regular_purpose","cores":1,"cpu_type":"shared","deprecation_announced":"","description":"CPX 12","disk":40,"id":108,"included_traffic":0,"is_deprecated":false,"locations":[{"deprecation_announced":"","id":6,"is_deprecated":false,"name":"sin","unavailable_after":""}],"memory":2,"name":"cpx12","storage_type":"local","unavailable_after":""},{"architecture":"x86","category":"regular_purpose","cores":2,"cpu_type":"shared","deprecation_announced":"","description":"CPX 22","disk":80,"id":109,"included_traffic":0,"is_deprecated":false,"locations":[{"deprecation_announced":"","id":1,"is_deprecated":false,"name":"fsn1","unavailable_after":""},{"deprecation_announced":"","id":2,"is_deprecated":false,"name":"nbg1","unavailable_after":""},{"deprecation_announced":"","id":3,"is_deprecated":false,"name":"hel1","unavailable_after":""},{"deprecation_announced":"","id":6,"is_deprecated":false,"name":"sin","unavailable_after":""}],"memory":4,"name":"cpx22","storage_type":"local","unavailable_after":""},{"architecture":"x86","category":"regular_purpose","cores":4,"cpu_type":"shared","deprecation_announced":"","description":"CPX 32","disk":160,"id":110,"included_traffic":0,"is_deprecated":false,"locations":[{"deprecation_announced":"","id":1,"is_deprecated":false,"name":"fsn1","unavailable_after":""},{"deprecation_announced":"","id":2,"is_deprecated":false,"name":"nbg1","unavailable_after":""},{"deprecation_announced":"","id":3,"is_deprecated":false,"name":"hel1","unavailable_after":""},{"deprecation_announced":"","id":6,"is_deprecated":false,"name":"sin","unavailable_after":""}],"memory":8,"name":"cpx32","storage_type":"local","unavailable_after":""},{"architecture":"x86","category":"regular_purpose","cores":8,"cpu_type":"shared","deprecation_announced":"","description":"CPX 42","disk":320,"id":111,"included_traffic":0,"is_deprecated":false,"locations":[{"deprecation_announced":"","id":1,"is_deprecated":false,"name":"fsn1","unavailable_after":""},{"deprecation_announced":"","id":2,"is_deprecated":false,"name":"nbg1","unavailable_after":""},{"deprecation_announced":"","id":3,"is_deprecated":false,"name":"hel1","unavailable_after":""},{"deprecation_announced":"","id":6,"is_deprecated":false,"name":"sin","unavailable_after":""}],"memory":16,"name":"cpx42","storage_type":"local","unavailable_after":""},{"architecture":"x86","category":"regular_purpose","cores":12,"cpu_type":"shared","deprecation_announced":"","description":"CPX 52","disk":480,"id":112,"included_traffic":0,"is_deprecated":false,"locations":[{"deprecation_announced":"","id":1,"is_deprecated":false,"name":"fsn1","unavailable_after":""},{"deprecation_announced":"","id":2,"is_deprecated":false,"name":"nbg1","unavailable_after":""},{"deprecation_announced":"","id":3,"is_deprecated":false,"name":"hel1","unavailable_after":""},{"deprecation_announced":"","id":6,"is_deprecated":false,"name":"sin","unavailable_after":""}],"memory":24,"name":"cpx52","storage_type":"local","unavailable_after":""},{"architecture":"x86","category":"regular_purpose","cores":16,"cpu_type":"shared","deprecation_announced":"","description":"CPX 62","disk":640,"id":113,"included_traffic":0,"is_deprecated":false,"locations":[{"deprecation_announced":"","id":1,"is_deprecated":false,"name":"fsn1","unavailable_after":""},{"deprecation_announced":"","id":2,"is_deprecated":false,"name":"nbg1","unavailable_after":""},{"deprecation_announced":"","id":3,"is_deprecated":false,"name":"hel1","unavailable_after":""},{"deprecation_announced":"","id":6,"is_deprecated":false,"name":"sin","unavailable_after":""}],"memory":32,"name":"cpx62","storage_type":"local","unavailable_after":""},{"architecture":"x86","category":"cost_optimized","cores":2,"cpu_type":"shared","deprecation_announced":"","description":"CX 23","disk":40,"id":114,"included_traffic":0,"is_deprecated":false,"locations":[{"deprecation_announced":"","id":1,"is_deprecated":false,"name":"fsn1","unavailable_after":""},{"deprecation_announced":"","id":2,"is_deprecated":false,"name":"nbg1","unavailable_after":""},{"deprecation_announced":"","id":3,"is_deprecated":false,"name":"hel1","unavailable_after":""}],"memory":4,"name":"cx23","storage_type":"local","unavailable_after":""},{"architecture":"x86","category":"cost_optimized","cores":4,"cpu_type":"shared","deprecation_announced":"","description":"CX 33","disk":80,"id":115,"included_traffic":0,"is_deprecated":false,"locations":[{"deprecation_announced":"","id":1,"is_deprecated":false,"name":"fsn1","unavailable_after":""},{"deprecation_announced":"","id":2,"is_deprecated":false,"name":"nbg1","unavailable_after":""},{"deprecation_announced":"","id":3,"is_deprecated":false,"name":"hel1","unavailable_after":""}],"memory":8,"name":"cx33","storage_type":"local","unavailable_after":""},{"architecture":"x86","category":"cost_optimized","cores":8,"cpu_type":"shared","deprecation_announced":"","description":"CX 43","disk":160,"id":116,"included_traffic":0,"is_deprecated":false,"locations":[{"deprecation_announced":"","id":1,"is_deprecated":false,"name":"fsn1","unavailable_after":""},{"deprecation_announced":"","id":2,"is_deprecated":false,"name":"nbg1","unavailable_after":""},{"deprecation_announced":"","id":3,"is_deprecated":false,"name":"hel1","unavailable_after":""}],"memory":16,"name":"cx43","storage_type":"local","unavailable_after":""},{"architecture":"x86","category":"cost_optimized","cores":16,"cpu_type":"shared","deprecation_announced":"","description":"CX 53","disk":320,"id":117,"included_traffic":0,"is_deprecated":false,"locations":[{"deprecation_announced":"","id":1,"is_deprecated":false,"name":"fsn1","unavailable_after":""},{"deprecation_announced":"","id":2,"is_deprecated":false,"name":"nbg1","unavailable_after":""},{"deprecation_announced":"","id":3,"is_deprecated":false,"name":"hel1","unavailable_after":""}],"memory":32,"name":"cx53","storage_type":"local","unavailable_after":""}]},"sensitive_attributes":[]}]},{"mode":"managed","type":"hcloud_firewall","name":"firewall-2","provider":"provider[\"registry.opentofu.org/hetznercloud/hcloud\"]","instances":[{"schema_version":0,"attributes":{"apply_to":[{"label_selector":"","server":118388951}],"id":"10445616","labels":{},"name":"firewall-2","rule":[{"description":"","destination_ips":[],"direction":"in","port":"","protocol":"icmp","source_ips":["0.0.0.0/0","::/0"]},{"description":"","destination_ips":[],"direction":"in","port":"22","protocol":"tcp","source_ips":["0.0.0.0/0","::/0"]},{"description":"","destination_ips":[],"direction":"in","port":"4242","protocol":"tcp","source_ips":["0.0.0.0/0","::/0"]},{"description":"","destination_ips":[],"direction":"in","port":"4242","protocol":"udp","source_ips":["0.0.0.0/0","::/0"]}]},"sensitive_attributes":[],"private":"bnVsbA=="}]},{"mode":"managed","type":"hcloud_firewall_attachment","name":"firewall-2-attachments","provider":"provider[\"registry.opentofu.org/hetznercloud/hcloud\"]","instances":[{"schema_version":0,"attributes":{"firewall_id":10445616,"id":"10445616","label_selectors":[],"server_ids":[118389327]},"sensitive_attributes":[],"private":"bnVsbA==","dependencies":["data.hcloud_image.fcos_image","data.hcloud_location.nbg1","data.hcloud_primary_ip.nbg1-ipv6-1","hcloud_firewall.firewall-2","hcloud_primary_ip.nbg1-ipv4-1","hcloud_server.lh1","hcloud_ssh_key.fedora-sway-atomic"]}]},{"mode":"managed","type":"hcloud_primary_ip","name":"nbg1-ipv4-1","provider":"provider[\"registry.opentofu.org/hetznercloud/hcloud\"]","instances":[{"schema_version":0,"attributes":{"assignee_id":118388951,"assignee_type":"server","auto_delete":false,"datacenter":"nbg1-dc3","delete_protection":false,"id":"114909901","ip_address":"188.245.97.81","ip_network":null,"labels":{},"location":"nbg1","name":"nbg1-ipv4-1","type":"ipv4"},"sensitive_attributes":[],"private":"bnVsbA==","dependencies":["data.hcloud_location.nbg1"]}]},{"mode":"managed","type":"hcloud_primary_ip","name":"nbg1-ipv6-2","provider":"provider[\"registry.opentofu.org/hetznercloud/hcloud\"]","instances":[{"schema_version":0,"attributes":{"assignee_id":0,"assignee_type":"server","auto_delete":false,"datacenter":"nbg1-dc3","delete_protection":false,"id":"114910013","ip_address":"2a01:4f8:1c1e:ce53::","ip_network":"2a01:4f8:1c1e:ce53::/64","labels":{},"location":"nbg1","name":"nbg1-ipv6-2","type":"ipv6"},"sensitive_attributes":[],"private":"bnVsbA==","dependencies":["data.hcloud_location.nbg1"]}]},{"mode":"managed","type":"hcloud_server","name":"lh1","provider":"provider[\"registry.opentofu.org/hetznercloud/hcloud\"]","instances":[{"schema_version":0,"attributes":{"allow_deprecated_images":false,"backup_window":"","backups":false,"datacenter":"nbg1-dc3","delete_protection":false,"firewall_ids":[],"id":"118389327","ignore_remote_firewall_ids":false,"image":"352838593","ipv4_address":"188.245.97.81","ipv6_address":"2a01:4f8:1c1b:9b4f::1","ipv6_network":"2a01:4f8:1c1b:9b4f::/64","iso":null,"keep_disk":false,"labels":{"os":"fedora-coreos"},"location":"nbg1","name":"lh1","network":[],"placement_group_id":0,"primary_disk_size":40,"public_net":[{"ipv4":114909901,"ipv4_enabled":true,"ipv6":72588864,"ipv6_enabled":true}],"rebuild_protection":false,"rescue":null,"server_type":"cx23","shutdown_before_deletion":false,"ssh_keys":["106170134"],"status":"running","timeouts":null,"user_data":"e7qfyvV+5Sqw1Vsze9O8T9cVtrI="},"sensitive_attributes":[],"private":"eyJlMmJmYjczMC1lY2FhLTExZTYtOGY4OC0zNDM2M2JjN2M0YzAiOnsiY3JlYXRlIjo1NDAwMDAwMDAwMDAwfX0=","dependencies":["data.hcloud_image.fcos_image","data.hcloud_location.nbg1","data.hcloud_primary_ip.nbg1-ipv6-1","hcloud_primary_ip.nbg1-ipv4-1","hcloud_ssh_key.fedora-sway-atomic"]}]},{"mode":"managed","type":"hcloud_ssh_key","name":"fedora-sway-atomic","provider":"provider[\"registry.opentofu.org/hetznercloud/hcloud\"]","instances":[{"schema_version":0,"attributes":{"fingerprint":"3d:a4:f3:28:e0:6e:a1:78:a4:4d:14:c8:74:a5:81:73","id":"106170134","labels":{},"name":"fedora-sway-atomic","public_key":"ssh-ed25519 AAAAC3NzaC1lZDI1NTE5AAAAIC9AaghNePDNxI//W6OX6Yp6gssMpDUzK+4XoUiXnRZE fedora-sway-atomic@niuleh.eu"},"sensitive_attributes":[]}]}],"check_results":null}
